{
    "_readme": [
        "This file locks the dependencies of your project to a known state",
        "Read more about it at https://getcomposer.org/doc/01-basic-usage.md#installing-dependencies",
        "This file is @generated automatically"
    ],
    "content-hash": "247583ad1594160ff6ca3e418aafa0b8",
    "packages": [
        {
            "name": "yetanotherape/diff-match-patch",
            "version": "v1.1.0",
            "source": {
                "type": "git",
                "url": "https://github.com/yetanotherape/diff-match-patch.git",
                "reference": "e93beb95bea67d2a9f2a662434ca7fbf90b0b172"
            },
            "dist": {
                "type": "zip",
                "url": "https://api.github.com/repos/yetanotherape/diff-match-patch/zipball/e93beb95bea67d2a9f2a662434ca7fbf90b0b172",
                "reference": "e93beb95bea67d2a9f2a662434ca7fbf90b0b172",
                "shasum": ""
            },
            "require": {
                "ext-iconv": "*",
                "ext-json": "*",
                "ext-mbstring": "*",
                "php": ">=7.3"
            },
            "require-dev": {
                "phpunit/phpunit": "9.*"
            },
            "type": "library",
            "autoload": {
                "psr-4": {
                    "DiffMatchPatch\\": "src"
                }
            },
            "notification-url": "https://packagist.org/downloads/",
            "license": [
                "Apache-2.0"
            ],
            "authors": [
                {
                    "name": "Daniil Skrobov",
                    "email": "yetanotherape@gmail.com"
                },
                {
                    "name": "Neil Fraser",
                    "email": "fraser@google.com",
                    "homepage": "http://neil.fraser.name/"
                }
            ],
            "description": "Port of the google-diff-match-patch (https://github.com/google/diff-match-patch) lib to PHP",
            "homepage": "https://github.com/yetanotherape/diff-match-patch",
            "keywords": [
                "Fuzzy search",
                "Match",
                "diff",
                "patch"
            ],
            "support": {
                "issues": "https://github.com/yetanotherape/diff-match-patch/issues",
                "source": "https://github.com/yetanotherape/diff-match-patch/tree/v1.1.0"
            },
            "time": "2020-12-20T17:28:39+00:00"
        }
    ],
    "packages-dev": [],
    "aliases": [],
    "minimum-stability": "stable",
    "stability-flags": [],
    "prefer-stable": false,
    "prefer-lowest": false,
    "platform": [],
    "platform-dev": [],
    "plugin-api-version": "2.6.0"
}
